
Microsoft Visual Studio Solution File, Format Version 12.00
# Visual Studio 2013
VisualStudioVersion = 12.0.21005.1
MinimumVisualStudioVersion = 10.0.40219.1
Project("{FAE04EC0-301F-11D3-BF4B-00C04F79EFBC}") = "Communication", "Communication\Communication.csproj", "{8A554389-336D-4500-8C61-B8E4C4E0D2BE}"
EndProject
Project("{FAE04EC0-301F-11D3-BF4B-00C04F79EFBC}") = "Server", "Server\Server.csproj", "{760B86FC-09FD-4E35-B3CE-86F42F675407}"
EndProject
Project("{FAE04EC0-301F-11D3-BF4B-00C04F79EFBC}") = "Client", "Client\Client.csproj", "{B713C1D6-AB26-4308-A665-542DF4389920}"
EndProject
Global
	GlobalSection(SolutionConfigurationPlatforms) = preSolution
		Debug|Any CPU = Debug|Any CPU
		Release|Any CPU = Release|Any CPU
	EndGlobalSection
	GlobalSection(ProjectConfigurationPlatforms) = postSolution
		{8A554389-336D-4500-8C61-B8E4C4E0D2BE}.Debug|Any CPU.ActiveCfg = Debug|Any CPU
		{8A554389-336D-4500-8C61-B8E4C4E0D2BE}.Debug|Any CPU.Build.0 = Debug|Any CPU
		{8A554389-336D-4500-8C61-B8E4C4E0D2BE}.Release|Any CPU.ActiveCfg = Release|Any CPU
		{8A554389-336D-4500-8C61-B8E4C4E0D2BE}.Release|Any CPU.Build.0 = Release|Any CPU
		{760B86FC-09FD-4E35-B3CE-86F42F675407}.Debug|Any CPU.ActiveCfg = Debug|Any CPU
		{760B86FC-09FD-4E35-B3CE-86F42F675407}.Debug|Any CPU.Build.0 = Debug|Any CPU
		{760B86FC-09FD-4E35-B3CE-86F42F675407}.Release|Any CPU.ActiveCfg = Release|Any CPU
		{760B86FC-09FD-4E35-B3CE-86F42F675407}.Release|Any CPU.Build.0 = Release|Any CPU
		{B713C1D6-AB26-4308-A665-542DF4389920}.Debug|Any CPU.ActiveCfg = Debug|Any CPU
		{B713C1D6-AB26-4308-A665-542DF4389920}.Debug|Any CPU.Build.0 = Debug|Any CPU
		{B713C1D6-AB26-4308-A665-542DF4389920}.Release|Any CPU.ActiveCfg = Release|Any CPU
		{B713C1D6-AB26-4308-A665-542DF4389920}.Release|Any CPU.Build.0 = Release|Any CPU
	EndGlobalSection
	GlobalSection(SolutionProperties) = preSolution
		HideSolutionNode = FALSE
	EndGlobalSection
EndGlobal
